
Microsoft Visual Studio Solution File, Format Version 12.00
# Visual Studio Version 17
VisualStudioVersion = 17.1.32228.430
MinimumVisualStudioVersion = 10.0.40219.1
Project("{9A19103F-16F7-4668-BE54-9A1E7A4F7556}") = "Hotel.DAL", "Hotel.DAL\Hotel.DAL.csproj", "{619AE605-C586-41E2-9F0D-8E568249D4D4}"
EndProject
Project("{9A19103F-16F7-4668-BE54-9A1E7A4F7556}") = "Hotel.Models", "Hotel.DTO\Hotel.Models.csproj", "{7CDDBFA6-0E9A-4433-A314-3C60E71767AD}"
EndProject
Project("{9A19103F-16F7-4668-BE54-9A1E7A4F7556}") = "Hotel.Interface", "Hotel.Interface\Hotel.Interface.csproj", "{B777916A-C6DB-42B1-A90D-3A1D08E71BB3}"
EndProject
Project("{9A19103F-16F7-4668-BE54-9A1E7A4F7556}") = "Hotel.Service", "Hotel.Service\Hotel.Service.csproj", "{09D235BA-BD83-49B4-B40E-B90B0461B78B}"
EndProject
Project("{9A19103F-16F7-4668-BE54-9A1E7A4F7556}") = "HotelAPI", "HotelAPI\HotelAPI.csproj", "{BE736383-9298-4199-BB3F-8048ACA530C8}"
EndProject
Global
	GlobalSection(SolutionConfigurationPlatforms) = preSolution
		Debug|Any CPU = Debug|Any CPU
		Release|Any CPU = Release|Any CPU
	EndGlobalSection
	GlobalSection(ProjectConfigurationPlatforms) = postSolution
		{619AE605-C586-41E2-9F0D-8E568249D4D4}.Debug|Any CPU.ActiveCfg = Debug|Any CPU
		{619AE605-C586-41E2-9F0D-8E568249D4D4}.Debug|Any CPU.Build.0 = Debug|Any CPU
		{619AE605-C586-41E2-9F0D-8E568249D4D4}.Release|Any CPU.ActiveCfg = Release|Any CPU
		{619AE605-C586-41E2-9F0D-8E568249D4D4}.Release|Any CPU.Build.0 = Release|Any CPU
		{7CDDBFA6-0E9A-4433-A314-3C60E71767AD}.Debug|Any CPU.ActiveCfg = Debug|Any CPU
		{7CDDBFA6-0E9A-4433-A314-3C60E71767AD}.Debug|Any CPU.Build.0 = Debug|Any CPU
		{7CDDBFA6-0E9A-4433-A314-3C60E71767AD}.Release|Any CPU.ActiveCfg = Release|Any CPU
		{7CDDBFA6-0E9A-4433-A314-3C60E71767AD}.Release|Any CPU.Build.0 = Release|Any CPU
		{B777916A-C6DB-42B1-A90D-3A1D08E71BB3}.Debug|Any CPU.ActiveCfg = Debug|Any CPU
		{B777916A-C6DB-42B1-A90D-3A1D08E71BB3}.Debug|Any CPU.Build.0 = Debug|Any CPU
		{B777916A-C6DB-42B1-A90D-3A1D08E71BB3}.Release|Any CPU.ActiveCfg = Release|Any CPU
		{B777916A-C6DB-42B1-A90D-3A1D08E71BB3}.Release|Any CPU.Build.0 = Release|Any CPU
		{09D235BA-BD83-49B4-B40E-B90B0461B78B}.Debug|Any CPU.ActiveCfg = Debug|Any CPU
		{09D235BA-BD83-49B4-B40E-B90B0461B78B}.Debug|Any CPU.Build.0 = Debug|Any CPU
		{09D235BA-BD83-49B4-B40E-B90B0461B78B}.Release|Any CPU.ActiveCfg = Release|Any CPU
		{09D235BA-BD83-49B4-B40E-B90B0461B78B}.Release|Any CPU.Build.0 = Release|Any CPU
		{BE736383-9298-4199-BB3F-8048ACA530C8}.Debug|Any CPU.ActiveCfg = Debug|Any CPU
		{BE736383-9298-4199-BB3F-8048ACA530C8}.Debug|Any CPU.Build.0 = Debug|Any CPU
		{BE736383-9298-4199-BB3F-8048ACA530C8}.Release|Any CPU.ActiveCfg = Release|Any CPU
		{BE736383-9298-4199-BB3F-8048ACA530C8}.Release|Any CPU.Build.0 = Release|Any CPU
	EndGlobalSection
	GlobalSection(SolutionProperties) = preSolution
		HideSolutionNode = FALSE
	EndGlobalSection
	GlobalSection(ExtensibilityGlobals) = postSolution
		SolutionGuid = {5EBBA0BD-8849-4F8A-BE3D-25F1EB990184}
	EndGlobalSection
EndGlobal
